
Microsoft Visual Studio Solution File, Format Version 12.00
# Visual Studio Version 16
VisualStudioVersion = 16.0.29709.97
MinimumVisualStudioVersion = 10.0.40219.1
Project("{FAE04EC0-301F-11D3-BF4B-00C04F79EFBC}") = "DAL", "DAL\DAL.csproj", "{7FD32AEE-3C80-4E30-BAEE-6C59A45A53FD}"
EndProject
Project("{FAE04EC0-301F-11D3-BF4B-00C04F79EFBC}") = "API_FT", "API_FT\API_FT.csproj", "{71AFA2C1-574A-422C-8EA5-FBDF0F160BC4}"
EndProject
Project("{FAE04EC0-301F-11D3-BF4B-00C04F79EFBC}") = "ToolBox.JWT", "ToolBox.JWT\ToolBox.JWT.csproj", "{C9833B33-06C5-4FB1-A82D-AB81F71932CC}"
EndProject
Global
	GlobalSection(SolutionConfigurationPlatforms) = preSolution
		Debug|Any CPU = Debug|Any CPU
		Release|Any CPU = Release|Any CPU
	EndGlobalSection
	GlobalSection(ProjectConfigurationPlatforms) = postSolution
		{7FD32AEE-3C80-4E30-BAEE-6C59A45A53FD}.Debug|Any CPU.ActiveCfg = Debug|Any CPU
		{7FD32AEE-3C80-4E30-BAEE-6C59A45A53FD}.Debug|Any CPU.Build.0 = Debug|Any CPU
		{7FD32AEE-3C80-4E30-BAEE-6C59A45A53FD}.Release|Any CPU.ActiveCfg = Release|Any CPU
		{7FD32AEE-3C80-4E30-BAEE-6C59A45A53FD}.Release|Any CPU.Build.0 = Release|Any CPU
		{71AFA2C1-574A-422C-8EA5-FBDF0F160BC4}.Debug|Any CPU.ActiveCfg = Debug|Any CPU
		{71AFA2C1-574A-422C-8EA5-FBDF0F160BC4}.Debug|Any CPU.Build.0 = Debug|Any CPU
		{71AFA2C1-574A-422C-8EA5-FBDF0F160BC4}.Release|Any CPU.ActiveCfg = Release|Any CPU
		{71AFA2C1-574A-422C-8EA5-FBDF0F160BC4}.Release|Any CPU.Build.0 = Release|Any CPU
		{C9833B33-06C5-4FB1-A82D-AB81F71932CC}.Debug|Any CPU.ActiveCfg = Debug|Any CPU
		{C9833B33-06C5-4FB1-A82D-AB81F71932CC}.Debug|Any CPU.Build.0 = Debug|Any CPU
		{C9833B33-06C5-4FB1-A82D-AB81F71932CC}.Release|Any CPU.ActiveCfg = Release|Any CPU
		{C9833B33-06C5-4FB1-A82D-AB81F71932CC}.Release|Any CPU.Build.0 = Release|Any CPU
	EndGlobalSection
	GlobalSection(SolutionProperties) = preSolution
		HideSolutionNode = FALSE
	EndGlobalSection
	GlobalSection(ExtensibilityGlobals) = postSolution
		SolutionGuid = {FB2F6771-5CD4-4799-9D50-471C282B0D74}
	EndGlobalSection
EndGlobal
